
Microsoft Visual Studio Solution File, Format Version 12.00
# Visual Studio Version 17
VisualStudioVersion = 17.4.33403.182
MinimumVisualStudioVersion = 10.0.40219.1
Project("{9A19103F-16F7-4668-BE54-9A1E7A4F7556}") = "CSSoundboard", "CSSoundboard\CSSoundboard.csproj", "{7DB7B345-7E07-43CB-8F2D-1D1369D4E00A}"
EndProject
Project("{54435603-DBB4-11D2-8724-00A0C9A8B90C}") = "SetupCreater", "SetupCreater\SetupCreater.vdproj", "{48B0AFCC-3019-41F3-A08C-0AABB66A2AB2}"
EndProject
Global
	GlobalSection(SolutionConfigurationPlatforms) = preSolution
		Debug|Any CPU = Debug|Any CPU
		Release|Any CPU = Release|Any CPU
	EndGlobalSection
	GlobalSection(ProjectConfigurationPlatforms) = postSolution
		{7DB7B345-7E07-43CB-8F2D-1D1369D4E00A}.Debug|Any CPU.ActiveCfg = Release|Any CPU
		{7DB7B345-7E07-43CB-8F2D-1D1369D4E00A}.Debug|Any CPU.Build.0 = Release|Any CPU
		{7DB7B345-7E07-43CB-8F2D-1D1369D4E00A}.Release|Any CPU.ActiveCfg = Release|Any CPU
		{7DB7B345-7E07-43CB-8F2D-1D1369D4E00A}.Release|Any CPU.Build.0 = Release|Any CPU
		{48B0AFCC-3019-41F3-A08C-0AABB66A2AB2}.Debug|Any CPU.ActiveCfg = Debug
		{48B0AFCC-3019-41F3-A08C-0AABB66A2AB2}.Release|Any CPU.ActiveCfg = Release
	EndGlobalSection
	GlobalSection(SolutionProperties) = preSolution
		HideSolutionNode = FALSE
	EndGlobalSection
	GlobalSection(ExtensibilityGlobals) = postSolution
		SolutionGuid = {B892DFED-ADAF-4B0D-9574-67DC70DD6FAB}
	EndGlobalSection
EndGlobal
